// !$*UTF8*$!
{
	archiveVersion = 1;
	classes = {
	};
	objectVersion = 56;
	objects = {

/* Begin PBXBuildFile section */
		7C0FBFAE2A0C350B00EC86B3 /* AppDelegate.swift in Sources */ = {isa = PBXBuildFile; fileRef = 7C0FBFAD2A0C350B00EC86B3 /* AppDelegate.swift */; };
		7C0FBFB02A0C350B00EC86B3 /* SceneDelegate.swift in Sources */ = {isa = PBXBuildFile; fileRef = 7C0FBFAF2A0C350B00EC86B3 /* SceneDelegate.swift */; };
		7C0FBFB22A0C350B00EC86B3 /* LoginViewController.swift in Sources */ = {isa = PBXBuildFile; fileRef = 7C0FBFB12A0C350B00EC86B3 /* LoginViewController.swift */; };
		7C0FBFBA2A0C350C00EC86B3 /* LaunchScreen.storyboard in Resources */ = {isa = PBXBuildFile; fileRef = 7C0FBFB82A0C350C00EC86B3 /* LaunchScreen.storyboard */; };
		7C0FBFC62A0C385100EC86B3 /* LoginView.swift in Sources */ = {isa = PBXBuildFile; fileRef = 7C0FBFC52A0C385100EC86B3 /* LoginView.swift */; };
		7C0FBFC92A0D9FF200EC86B3 /* OnboardingContainerViewController.swift in Sources */ = {isa = PBXBuildFile; fileRef = 7C0FBFC82A0D9FF200EC86B3 /* OnboardingContainerViewController.swift */; };
		7C0FBFCB2A0E76C500EC86B3 /* OnboardingViewController.swift in Sources */ = {isa = PBXBuildFile; fileRef = 7C0FBFCA2A0E76C500EC86B3 /* OnboardingViewController.swift */; };
		7C0FBFCD2A13B12500EC86B3 /* DummyViewController.swift in Sources */ = {isa = PBXBuildFile; fileRef = 7C0FBFCC2A13B12500EC86B3 /* DummyViewController.swift */; };
		7C0FBFD02A13BD7900EC86B3 /* LocalState.swift in Sources */ = {isa = PBXBuildFile; fileRef = 7C0FBFCF2A13BD7900EC86B3 /* LocalState.swift */; };
		7C0FBFD22A14321A00EC86B3 /* UIViewController+Utils.swift in Sources */ = {isa = PBXBuildFile; fileRef = 7C0FBFD12A14321A00EC86B3 /* UIViewController+Utils.swift */; };
		7C0FBFD42A1433AE00EC86B3 /* MainViewController.swift in Sources */ = {isa = PBXBuildFile; fileRef = 7C0FBFD32A1433AE00EC86B3 /* MainViewController.swift */; };
		7C0FBFD72A1614AE00EC86B3 /* AccountSummaryViewController.swift in Sources */ = {isa = PBXBuildFile; fileRef = 7C0FBFD62A1614AE00EC86B3 /* AccountSummaryViewController.swift */; };
		7C0FC0342A1A2BD000EC86B3 /* Assets.xcassets in Resources */ = {isa = PBXBuildFile; fileRef = 7C0FC0332A1A2BD000EC86B3 /* Assets.xcassets */; };
		7C0FC03C2A1B6E7400EC86B3 /* AccountSummaryHeaderView.swift in Sources */ = {isa = PBXBuildFile; fileRef = 7C0FC03B2A1B6E7400EC86B3 /* AccountSummaryHeaderView.swift */; };
		7C0FC03E2A1B6ED000EC86B3 /* AccountSummaryHeaderView.xib in Resources */ = {isa = PBXBuildFile; fileRef = 7C0FC03D2A1B6ED000EC86B3 /* AccountSummaryHeaderView.xib */; };
		7C2C44342A1D178800DA89A8 /* AccountSummaryCell.swift in Sources */ = {isa = PBXBuildFile; fileRef = 7C2C44332A1D178800DA89A8 /* AccountSummaryCell.swift */; };
		7C2C44362A1D6E9A00DA89A8 /* Decimal+Utils.swift in Sources */ = {isa = PBXBuildFile; fileRef = 7C2C44352A1D6E9A00DA89A8 /* Decimal+Utils.swift */; };
		7C2C44382A1D6F2900DA89A8 /* CurrencyFormatter.swift in Sources */ = {isa = PBXBuildFile; fileRef = 7C2C44372A1D6F2900DA89A8 /* CurrencyFormatter.swift */; };
		7C2C44472A1E81C100DA89A8 /* CurrencyFormatterTests.swift in Sources */ = {isa = PBXBuildFile; fileRef = 7C2C44462A1E81C100DA89A8 /* CurrencyFormatterTests.swift */; };
		7C2C44492A1EC9D200DA89A8 /* NSNotificationName.swift in Sources */ = {isa = PBXBuildFile; fileRef = 7C2C44482A1EC9D200DA89A8 /* NSNotificationName.swift */; };
		7C2C444B2A1FA5A600DA89A8 /* UITextField+SecureToggle.swift in Sources */ = {isa = PBXBuildFile; fileRef = 7C2C444A2A1FA5A600DA89A8 /* UITextField+SecureToggle.swift */; };
		7C2C44A72A2290F400DA89A8 /* ShakeyBellView.swift in Sources */ = {isa = PBXBuildFile; fileRef = 7C2C44A62A2290F400DA89A8 /* ShakeyBellView.swift */; };
/* End PBXBuildFile section */

/* Begin PBXContainerItemProxy section */
		7C2C44412A1E80B800DA89A8 /* PBXContainerItemProxy */ = {
			isa = PBXContainerItemProxy;
			containerPortal = 7C0FBFA22A0C350A00EC86B3 /* Project object */;
			proxyType = 1;
			remoteGlobalIDString = 7C0FBFA92A0C350B00EC86B3;
			remoteInfo = Bankey;
		};
/* End PBXContainerItemProxy section */

/* Begin PBXFileReference section */
		7C0FBFAA2A0C350B00EC86B3 /* Bankey.app */ = {isa = PBXFileReference; explicitFileType = wrapper.application; includeInIndex = 0; path = Bankey.app; sourceTree = BUILT_PRODUCTS_DIR; };
		7C0FBFAD2A0C350B00EC86B3 /* AppDelegate.swift */ = {isa = PBXFileReference; lastKnownFileType = sourcecode.swift; path = AppDelegate.swift; sourceTree = "<group>"; };
		7C0FBFAF2A0C350B00EC86B3 /* SceneDelegate.swift */ = {isa = PBXFileReference; lastKnownFileType = sourcecode.swift; path = SceneDelegate.swift; sourceTree = "<group>"; };
		7C0FBFB12A0C350B00EC86B3 /* LoginViewController.swift */ = {isa = PBXFileReference; lastKnownFileType = sourcecode.swift; path = LoginViewController.swift; sourceTree = "<group>"; };
		7C0FBFB92A0C350C00EC86B3 /* Base */ = {isa = PBXFileReference; lastKnownFileType = file.storyboard; name = Base; path = Base.lproj/LaunchScreen.storyboard; sourceTree = "<group>"; };
		7C0FBFBB2A0C350C00EC86B3 /* Info.plist */ = {isa = PBXFileReference; lastKnownFileType = text.plist.xml; path = Info.plist; sourceTree = "<group>"; };
		7C0FBFC52A0C385100EC86B3 /* LoginView.swift */ = {isa = PBXFileReference; lastKnownFileType = sourcecode.swift; path = LoginView.swift; sourceTree = "<group>"; };
		7C0FBFC82A0D9FF200EC86B3 /* OnboardingContainerViewController.swift */ = {isa = PBXFileReference; lastKnownFileType = sourcecode.swift; path = OnboardingContainerViewController.swift; sourceTree = "<group>"; };
		7C0FBFCA2A0E76C500EC86B3 /* OnboardingViewController.swift */ = {isa = PBXFileReference; lastKnownFileType = sourcecode.swift; path = OnboardingViewController.swift; sourceTree = "<group>"; };
		7C0FBFCC2A13B12500EC86B3 /* DummyViewController.swift */ = {isa = PBXFileReference; lastKnownFileType = sourcecode.swift; path = DummyViewController.swift; sourceTree = "<group>"; };
		7C0FBFCF2A13BD7900EC86B3 /* LocalState.swift */ = {isa = PBXFileReference; lastKnownFileType = sourcecode.swift; path = LocalState.swift; sourceTree = "<group>"; };
		7C0FBFD12A14321A00EC86B3 /* UIViewController+Utils.swift */ = {isa = PBXFileReference; lastKnownFileType = sourcecode.swift; path = "UIViewController+Utils.swift"; sourceTree = "<group>"; };
		7C0FBFD32A1433AE00EC86B3 /* MainViewController.swift */ = {isa = PBXFileReference; lastKnownFileType = sourcecode.swift; path = MainViewController.swift; sourceTree = "<group>"; };
		7C0FBFD62A1614AE00EC86B3 /* AccountSummaryViewController.swift */ = {isa = PBXFileReference; lastKnownFileType = sourcecode.swift; path = AccountSummaryViewController.swift; sourceTree = "<group>"; };
		7C0FC0332A1A2BD000EC86B3 /* Assets.xcassets */ = {isa = PBXFileReference; lastKnownFileType = folder.assetcatalog; path = Assets.xcassets; sourceTree = "<group>"; };
		7C0FC03B2A1B6E7400EC86B3 /* AccountSummaryHeaderView.swift */ = {isa = PBXFileReference; lastKnownFileType = sourcecode.swift; path = AccountSummaryHeaderView.swift; sourceTree = "<group>"; };
		7C0FC03D2A1B6ED000EC86B3 /* AccountSummaryHeaderView.xib */ = {isa = PBXFileReference; lastKnownFileType = file.xib; path = AccountSummaryHeaderView.xib; sourceTree = "<group>"; };
		7C2C44332A1D178800DA89A8 /* AccountSummaryCell.swift */ = {isa = PBXFileReference; lastKnownFileType = sourcecode.swift; path = AccountSummaryCell.swift; sourceTree = "<group>"; };
		7C2C44352A1D6E9A00DA89A8 /* Decimal+Utils.swift */ = {isa = PBXFileReference; lastKnownFileType = sourcecode.swift; path = "Decimal+Utils.swift"; sourceTree = "<group>"; };
		7C2C44372A1D6F2900DA89A8 /* CurrencyFormatter.swift */ = {isa = PBXFileReference; lastKnownFileType = sourcecode.swift; path = CurrencyFormatter.swift; sourceTree = "<group>"; };
		7C2C443D2A1E80B800DA89A8 /* BankeyUnitTests.xctest */ = {isa = PBXFileReference; explicitFileType = wrapper.cfbundle; includeInIndex = 0; path = BankeyUnitTests.xctest; sourceTree = BUILT_PRODUCTS_DIR; };
		7C2C44462A1E81C100DA89A8 /* CurrencyFormatterTests.swift */ = {isa = PBXFileReference; lastKnownFileType = sourcecode.swift; path = CurrencyFormatterTests.swift; sourceTree = "<group>"; };
		7C2C44482A1EC9D200DA89A8 /* NSNotificationName.swift */ = {isa = PBXFileReference; lastKnownFileType = sourcecode.swift; path = NSNotificationName.swift; sourceTree = "<group>"; };
		7C2C444A2A1FA5A600DA89A8 /* UITextField+SecureToggle.swift */ = {isa = PBXFileReference; lastKnownFileType = sourcecode.swift; path = "UITextField+SecureToggle.swift"; sourceTree = "<group>"; };
		7C2C44A62A2290F400DA89A8 /* ShakeyBellView.swift */ = {isa = PBXFileReference; lastKnownFileType = sourcecode.swift; path = ShakeyBellView.swift; sourceTree = "<group>"; };
/* End PBXFileReference section */

/* Begin PBXFrameworksBuildPhase section */
		7C0FBFA72A0C350B00EC86B3 /* Frameworks */ = {
			isa = PBXFrameworksBuildPhase;
			buildActionMask = 2147483647;
			files = (
			);
			runOnlyForDeploymentPostprocessing = 0;
		};
		7C2C443A2A1E80B800DA89A8 /* Frameworks */ = {
			isa = PBXFrameworksBuildPhase;
			buildActionMask = 2147483647;
			files = (
			);
			runOnlyForDeploymentPostprocessing = 0;
		};
/* End PBXFrameworksBuildPhase section */

/* Begin PBXGroup section */
		7C0FBFA12A0C350A00EC86B3 = {
			isa = PBXGroup;
			children = (
				7C0FBFAC2A0C350B00EC86B3 /* Bankey */,
				7C2C443E2A1E80B800DA89A8 /* BankeyUnitTests */,
				7C0FBFAB2A0C350B00EC86B3 /* Products */,
			);
			sourceTree = "<group>";
		};
		7C0FBFAB2A0C350B00EC86B3 /* Products */ = {
			isa = PBXGroup;
			children = (
				7C0FBFAA2A0C350B00EC86B3 /* Bankey.app */,
				7C2C443D2A1E80B800DA89A8 /* BankeyUnitTests.xctest */,
			);
			name = Products;
			sourceTree = "<group>";
		};
		7C0FBFAC2A0C350B00EC86B3 /* Bankey */ = {
			isa = PBXGroup;
			children = (
				7C2C44A52A2290C400DA89A8 /* Components */,
				7C0FBFAF2A0C350B00EC86B3 /* SceneDelegate.swift */,
				7C0FBFD32A1433AE00EC86B3 /* MainViewController.swift */,
				7C0FBFC42A0C37DF00EC86B3 /* Login */,
				7C0FBFC72A0D9F9C00EC86B3 /* Onboarding */,
				7C0FBFD52A16142E00EC86B3 /* AccountSummary */,
				7C0FBFCE2A13BD5100EC86B3 /* Utils */,
				7C0FBFC12A0C36F000EC86B3 /* Files */,
			);
			path = Bankey;
			sourceTree = "<group>";
		};
		7C0FBFC12A0C36F000EC86B3 /* Files */ = {
			isa = PBXGroup;
			children = (
				7C0FC0332A1A2BD000EC86B3 /* Assets.xcassets */,
				7C0FBFAD2A0C350B00EC86B3 /* AppDelegate.swift */,
				7C0FBFB82A0C350C00EC86B3 /* LaunchScreen.storyboard */,
				7C0FBFBB2A0C350C00EC86B3 /* Info.plist */,
			);
			name = Files;
			sourceTree = "<group>";
		};
		7C0FBFC42A0C37DF00EC86B3 /* Login */ = {
			isa = PBXGroup;
			children = (
				7C0FBFC52A0C385100EC86B3 /* LoginView.swift */,
				7C0FBFB12A0C350B00EC86B3 /* LoginViewController.swift */,
				7C0FBFCC2A13B12500EC86B3 /* DummyViewController.swift */,
			);
			name = Login;
			sourceTree = "<group>";
		};
		7C0FBFC72A0D9F9C00EC86B3 /* Onboarding */ = {
			isa = PBXGroup;
			children = (
				7C0FBFC82A0D9FF200EC86B3 /* OnboardingContainerViewController.swift */,
				7C0FBFCA2A0E76C500EC86B3 /* OnboardingViewController.swift */,
			);
			name = Onboarding;
			sourceTree = "<group>";
		};
		7C0FBFCE2A13BD5100EC86B3 /* Utils */ = {
			isa = PBXGroup;
			children = (
				7C0FBFD12A14321A00EC86B3 /* UIViewController+Utils.swift */,
				7C2C44352A1D6E9A00DA89A8 /* Decimal+Utils.swift */,
				7C2C444A2A1FA5A600DA89A8 /* UITextField+SecureToggle.swift */,
				7C0FBFCF2A13BD7900EC86B3 /* LocalState.swift */,
				7C2C44372A1D6F2900DA89A8 /* CurrencyFormatter.swift */,
				7C2C44482A1EC9D200DA89A8 /* NSNotificationName.swift */,
			);
			name = Utils;
			sourceTree = "<group>";
		};
		7C0FBFD52A16142E00EC86B3 /* AccountSummary */ = {
			isa = PBXGroup;
			children = (
				7C0FBFD62A1614AE00EC86B3 /* AccountSummaryViewController.swift */,
				7C2C44312A1D14EC00DA89A8 /* Header */,
				7C2C44322A1D159000DA89A8 /* Cell */,
			);
			name = AccountSummary;
			sourceTree = "<group>";
		};
		7C2C44312A1D14EC00DA89A8 /* Header */ = {
			isa = PBXGroup;
			children = (
				7C0FC03B2A1B6E7400EC86B3 /* AccountSummaryHeaderView.swift */,
				7C0FC03D2A1B6ED000EC86B3 /* AccountSummaryHeaderView.xib */,
			);
			name = Header;
			sourceTree = "<group>";
		};
		7C2C44322A1D159000DA89A8 /* Cell */ = {
			isa = PBXGroup;
			children = (
				7C2C44332A1D178800DA89A8 /* AccountSummaryCell.swift */,
			);
			name = Cell;
			sourceTree = "<group>";
		};
		7C2C443E2A1E80B800DA89A8 /* BankeyUnitTests */ = {
			isa = PBXGroup;
			children = (
				7C2C44462A1E81C100DA89A8 /* CurrencyFormatterTests.swift */,
			);
			path = BankeyUnitTests;
			sourceTree = "<group>";
		};
		7C2C44A52A2290C400DA89A8 /* Components */ = {
			isa = PBXGroup;
			children = (
				7C2C44A62A2290F400DA89A8 /* ShakeyBellView.swift */,
			);
			name = Components;
			sourceTree = "<group>";
		};
/* End PBXGroup section */

/* Begin PBXNativeTarget section */
		7C0FBFA92A0C350B00EC86B3 /* Bankey */ = {
			isa = PBXNativeTarget;
			buildConfigurationList = 7C0FBFBE2A0C350C00EC86B3 /* Build configuration list for PBXNativeTarget "Bankey" */;
			buildPhases = (
				7C0FBFA62A0C350B00EC86B3 /* Sources */,
				7C0FBFA72A0C350B00EC86B3 /* Frameworks */,
				7C0FBFA82A0C350B00EC86B3 /* Resources */,
			);
			buildRules = (
			);
			dependencies = (
			);
			name = Bankey;
			productName = Bankey;
			productReference = 7C0FBFAA2A0C350B00EC86B3 /* Bankey.app */;
			productType = "com.apple.product-type.application";
		};
		7C2C443C2A1E80B800DA89A8 /* BankeyUnitTests */ = {
			isa = PBXNativeTarget;
			buildConfigurationList = 7C2C44432A1E80B800DA89A8 /* Build configuration list for PBXNativeTarget "BankeyUnitTests" */;
			buildPhases = (
				7C2C44392A1E80B800DA89A8 /* Sources */,
				7C2C443A2A1E80B800DA89A8 /* Frameworks */,
				7C2C443B2A1E80B800DA89A8 /* Resources */,
			);
			buildRules = (
			);
			dependencies = (
				7C2C44422A1E80B800DA89A8 /* PBXTargetDependency */,
			);
			name = BankeyUnitTests;
			productName = BankeyUnitTests;
			productReference = 7C2C443D2A1E80B800DA89A8 /* BankeyUnitTests.xctest */;
			productType = "com.apple.product-type.bundle.unit-test";
		};
/* End PBXNativeTarget section */

/* Begin PBXProject section */
		7C0FBFA22A0C350A00EC86B3 /* Project object */ = {
			isa = PBXProject;
			attributes = {
				BuildIndependentTargetsInParallel = 1;
				LastSwiftUpdateCheck = 1430;
				LastUpgradeCheck = 1430;
				TargetAttributes = {
					7C0FBFA92A0C350B00EC86B3 = {
						CreatedOnToolsVersion = 14.3;
					};
					7C2C443C2A1E80B800DA89A8 = {
						CreatedOnToolsVersion = 14.3;
						LastSwiftMigration = 1430;
						TestTargetID = 7C0FBFA92A0C350B00EC86B3;
					};
				};
			};
			buildConfigurationList = 7C0FBFA52A0C350A00EC86B3 /* Build configuration list for PBXProject "Bankey" */;
			compatibilityVersion = "Xcode 14.0";
			developmentRegion = en;
			hasScannedForEncodings = 0;
			knownRegions = (
				en,
				Base,
			);
			mainGroup = 7C0FBFA12A0C350A00EC86B3;
			productRefGroup = 7C0FBFAB2A0C350B00EC86B3 /* Products */;
			projectDirPath = "";
			projectRoot = "";
			targets = (
				7C0FBFA92A0C350B00EC86B3 /* Bankey */,
				7C2C443C2A1E80B800DA89A8 /* BankeyUnitTests */,
			);
		};
/* End PBXProject section */

/* Begin PBXResourcesBuildPhase section */
		7C0FBFA82A0C350B00EC86B3 /* Resources */ = {
			isa = PBXResourcesBuildPhase;
			buildActionMask = 2147483647;
			files = (
				7C0FC03E2A1B6ED000EC86B3 /* AccountSummaryHeaderView.xib in Resources */,
				7C0FC0342A1A2BD000EC86B3 /* Assets.xcassets in Resources */,
				7C0FBFBA2A0C350C00EC86B3 /* LaunchScreen.storyboard in Resources */,
			);
			runOnlyForDeploymentPostprocessing = 0;
		};
		7C2C443B2A1E80B800DA89A8 /* Resources */ = {
			isa = PBXResourcesBuildPhase;
			buildActionMask = 2147483647;
			files = (
			);
			runOnlyForDeploymentPostprocessing = 0;
		};
/* End PBXResourcesBuildPhase section */

/* Begin PBXSourcesBuildPhase section */
		7C0FBFA62A0C350B00EC86B3 /* Sources */ = {
			isa = PBXSourcesBuildPhase;
			buildActionMask = 2147483647;
			files = (
				7C0FC03C2A1B6E7400EC86B3 /* AccountSummaryHeaderView.swift in Sources */,
				7C2C44342A1D178800DA89A8 /* AccountSummaryCell.swift in Sources */,
				7C2C44A72A2290F400DA89A8 /* ShakeyBellView.swift in Sources */,
				7C0FBFCD2A13B12500EC86B3 /* DummyViewController.swift in Sources */,
				7C0FBFB22A0C350B00EC86B3 /* LoginViewController.swift in Sources */,
				7C2C44382A1D6F2900DA89A8 /* CurrencyFormatter.swift in Sources */,
				7C0FBFD22A14321A00EC86B3 /* UIViewController+Utils.swift in Sources */,
				7C0FBFCB2A0E76C500EC86B3 /* OnboardingViewController.swift in Sources */,
				7C0FBFAE2A0C350B00EC86B3 /* AppDelegate.swift in Sources */,
				7C2C44362A1D6E9A00DA89A8 /* Decimal+Utils.swift in Sources */,
				7C0FBFC62A0C385100EC86B3 /* LoginView.swift in Sources */,
				7C0FBFC92A0D9FF200EC86B3 /* OnboardingContainerViewController.swift in Sources */,
				7C2C444B2A1FA5A600DA89A8 /* UITextField+SecureToggle.swift in Sources */,
				7C0FBFB02A0C350B00EC86B3 /* SceneDelegate.swift in Sources */,
				7C2C44492A1EC9D200DA89A8 /* NSNotificationName.swift in Sources */,
				7C0FBFD72A1614AE00EC86B3 /* AccountSummaryViewController.swift in Sources */,
				7C0FBFD02A13BD7900EC86B3 /* LocalState.swift in Sources */,
				7C0FBFD42A1433AE00EC86B3 /* MainViewController.swift in Sources */,
			);
			runOnlyForDeploymentPostprocessing = 0;
		};
		7C2C44392A1E80B800DA89A8 /* Sources */ = {
			isa = PBXSourcesBuildPhase;
			buildActionMask = 2147483647;
			files = (
				7C2C44472A1E81C100DA89A8 /* CurrencyFormatterTests.swift in Sources */,
			);
			runOnlyForDeploymentPostprocessing = 0;
		};
/* End PBXSourcesBuildPhase section */

/* Begin PBXTargetDependency section */
		7C2C44422A1E80B800DA89A8 /* PBXTargetDependency */ = {
			isa = PBXTargetDependency;
			target = 7C0FBFA92A0C350B00EC86B3 /* Bankey */;
			targetProxy = 7C2C44412A1E80B800DA89A8 /* PBXContainerItemProxy */;
		};
/* End PBXTargetDependency section */

/* Begin PBXVariantGroup section */
		7C0FBFB82A0C350C00EC86B3 /* LaunchScreen.storyboard */ = {
			isa = PBXVariantGroup;
			children = (
				7C0FBFB92A0C350C00EC86B3 /* Base */,
			);
			name = LaunchScreen.storyboard;
			sourceTree = "<group>";
		};
/* End PBXVariantGroup section */

/* Begin XCBuildConfiguration section */
		7C0FBFBC2A0C350C00EC86B3 /* Debug */ = {
			isa = XCBuildConfiguration;
			buildSettings = {
				ALWAYS_SEARCH_USER_PATHS = NO;
				CLANG_ANALYZER_NONNULL = YES;
				CLANG_ANALYZER_NUMBER_OBJECT_CONVERSION = YES_AGGRESSIVE;
				CLANG_CXX_LANGUAGE_STANDARD = "gnu++20";
				CLANG_ENABLE_MODULES = YES;
				CLANG_ENABLE_OBJC_ARC = YES;
				CLANG_ENABLE_OBJC_WEAK = YES;
				CLANG_WARN_BLOCK_CAPTURE_AUTORELEASING = YES;
				CLANG_WARN_BOOL_CONVERSION = YES;
				CLANG_WARN_COMMA = YES;
				CLANG_WARN_CONSTANT_CONVERSION = YES;
				CLANG_WARN_DEPRECATED_OBJC_IMPLEMENTATIONS = YES;
				CLANG_WARN_DIRECT_OBJC_ISA_USAGE = YES_ERROR;
				CLANG_WARN_DOCUMENTATION_COMMENTS = YES;
				CLANG_WARN_EMPTY_BODY = YES;
				CLANG_WARN_ENUM_CONVERSION = YES;
				CLANG_WARN_INFINITE_RECURSION = YES;
				CLANG_WARN_INT_CONVERSION = YES;
				CLANG_WARN_NON_LITERAL_NULL_CONVERSION = YES;
				CLANG_WARN_OBJC_IMPLICIT_RETAIN_SELF = YES;
				CLANG_WARN_OBJC_LITERAL_CONVERSION = YES;
				CLANG_WARN_OBJC_ROOT_CLASS = YES_ERROR;
				CLANG_WARN_QUOTED_INCLUDE_IN_FRAMEWORK_HEADER = YES;
				CLANG_WARN_RANGE_LOOP_ANALYSIS = YES;
				CLANG_WARN_STRICT_PROTOTYPES = YES;
				CLANG_WARN_SUSPICIOUS_MOVE = YES;
				CLANG_WARN_UNGUARDED_AVAILABILITY = YES_AGGRESSIVE;
				CLANG_WARN_UNREACHABLE_CODE = YES;
				CLANG_WARN__DUPLICATE_METHOD_MATCH = YES;
				COPY_PHASE_STRIP = NO;
				DEBUG_INFORMATION_FORMAT = dwarf;
				ENABLE_STRICT_OBJC_MSGSEND = YES;
				ENABLE_TESTABILITY = YES;
				GCC_C_LANGUAGE_STANDARD = gnu11;
				GCC_DYNAMIC_NO_PIC = NO;
				GCC_NO_COMMON_BLOCKS = YES;
				GCC_OPTIMIZATION_LEVEL = 0;
				GCC_PREPROCESSOR_DEFINITIONS = (
					"DEBUG=1",
					"$(inherited)",
				);
				GCC_WARN_64_TO_32_BIT_CONVERSION = YES;
				GCC_WARN_ABOUT_RETURN_TYPE = YES_ERROR;
				GCC_WARN_UNDECLARED_SELECTOR = YES;
				GCC_WARN_UNINITIALIZED_AUTOS = YES_AGGRESSIVE;
				GCC_WARN_UNUSED_FUNCTION = YES;
				GCC_WARN_UNUSED_VARIABLE = YES;
				IPHONEOS_DEPLOYMENT_TARGET = 16.4;
				MTL_ENABLE_DEBUG_INFO = INCLUDE_SOURCE;
				MTL_FAST_MATH = YES;
				ONLY_ACTIVE_ARCH = YES;
				SDKROOT = iphoneos;
				SWIFT_ACTIVE_COMPILATION_CONDITIONS = DEBUG;
				SWIFT_OPTIMIZATION_LEVEL = "-Onone";
			};
			name = Debug;
		};
		7C0FBFBD2A0C350C00EC86B3 /* Release */ = {
			isa = XCBuildConfiguration;
			buildSettings = {
				ALWAYS_SEARCH_USER_PATHS = NO;
				CLANG_ANALYZER_NONNULL = YES;
				CLANG_ANALYZER_NUMBER_OBJECT_CONVERSION = YES_AGGRESSIVE;
				CLANG_CXX_LANGUAGE_STANDARD = "gnu++20";
				CLANG_ENABLE_MODULES = YES;
				CLANG_ENABLE_OBJC_ARC = YES;
				CLANG_ENABLE_OBJC_WEAK = YES;
				CLANG_WARN_BLOCK_CAPTURE_AUTORELEASING = YES;
				CLANG_WARN_BOOL_CONVERSION = YES;
				CLANG_WARN_COMMA = YES;
				CLANG_WARN_CONSTANT_CONVERSION = YES;
				CLANG_WARN_DEPRECATED_OBJC_IMPLEMENTATIONS = YES;
				CLANG_WARN_DIRECT_OBJC_ISA_USAGE = YES_ERROR;
				CLANG_WARN_DOCUMENTATION_COMMENTS = YES;
				CLANG_WARN_EMPTY_BODY = YES;
				CLANG_WARN_ENUM_CONVERSION = YES;
				CLANG_WARN_INFINITE_RECURSION = YES;
				CLANG_WARN_INT_CONVERSION = YES;
				CLANG_WARN_NON_LITERAL_NULL_CONVERSION = YES;
				CLANG_WARN_OBJC_IMPLICIT_RETAIN_SELF = YES;
				CLANG_WARN_OBJC_LITERAL_CONVERSION = YES;
				CLANG_WARN_OBJC_ROOT_CLASS = YES_ERROR;
				CLANG_WARN_QUOTED_INCLUDE_IN_FRAMEWORK_HEADER = YES;
				CLANG_WARN_RANGE_LOOP_ANALYSIS = YES;
				CLANG_WARN_STRICT_PROTOTYPES = YES;
				CLANG_WARN_SUSPICIOUS_MOVE = YES;
				CLANG_WARN_UNGUARDED_AVAILABILITY = YES_AGGRESSIVE;
				CLANG_WARN_UNREACHABLE_CODE = YES;
				CLANG_WARN__DUPLICATE_METHOD_MATCH = YES;
				COPY_PHASE_STRIP = NO;
				DEBUG_INFORMATION_FORMAT = "dwarf-with-dsym";
				ENABLE_NS_ASSERTIONS = NO;
				ENABLE_STRICT_OBJC_MSGSEND = YES;
				GCC_C_LANGUAGE_STANDARD = gnu11;
				GCC_NO_COMMON_BLOCKS = YES;
				GCC_WARN_64_TO_32_BIT_CONVERSION = YES;
				GCC_WARN_ABOUT_RETURN_TYPE = YES_ERROR;
				GCC_WARN_UNDECLARED_SELECTOR = YES;
				GCC_WARN_UNINITIALIZED_AUTOS = YES_AGGRESSIVE;
				GCC_WARN_UNUSED_FUNCTION = YES;
				GCC_WARN_UNUSED_VARIABLE = YES;
				IPHONEOS_DEPLOYMENT_TARGET = 16.4;
				MTL_ENABLE_DEBUG_INFO = NO;
				MTL_FAST_MATH = YES;
				SDKROOT = iphoneos;
				SWIFT_COMPILATION_MODE = wholemodule;
				SWIFT_OPTIMIZATION_LEVEL = "-O";
				VALIDATE_PRODUCT = YES;
			};
			name = Release;
		};
		7C0FBFBF2A0C350C00EC86B3 /* Debug */ = {
			isa = XCBuildConfiguration;
			buildSettings = {
				ASSETCATALOG_COMPILER_APPICON_NAME = AppIcon;
				ASSETCATALOG_COMPILER_GLOBAL_ACCENT_COLOR_NAME = AccentColor;
				CODE_SIGN_STYLE = Automatic;
				CURRENT_PROJECT_VERSION = 1;
				DEVELOPMENT_TEAM = DQGB7M9JG9;
				GENERATE_INFOPLIST_FILE = YES;
				INFOPLIST_FILE = Bankey/Info.plist;
				INFOPLIST_KEY_UIApplicationSupportsIndirectInputEvents = YES;
				INFOPLIST_KEY_UILaunchStoryboardName = LaunchScreen;
				INFOPLIST_KEY_UISupportedInterfaceOrientations_iPad = "UIInterfaceOrientationPortrait UIInterfaceOrientationPortraitUpsideDown UIInterfaceOrientationLandscapeLeft UIInterfaceOrientationLandscapeRight";
				INFOPLIST_KEY_UISupportedInterfaceOrientations_iPhone = "UIInterfaceOrientationPortrait UIInterfaceOrientationLandscapeLeft UIInterfaceOrientationLandscapeRight";
				LD_RUNPATH_SEARCH_PATHS = (
					"$(inherited)",
					"@executable_path/Frameworks",
				);
				MARKETING_VERSION = 1.0;
				PRODUCT_BUNDLE_IDENTIFIER = "Artem-Gorelov.Bankey";
				PRODUCT_NAME = "$(TARGET_NAME)";
				SWIFT_EMIT_LOC_STRINGS = YES;
				SWIFT_VERSION = 5.0;
				TARGETED_DEVICE_FAMILY = "1,2";
			};
			name = Debug;
		};
		7C0FBFC02A0C350C00EC86B3 /* Release */ = {
			isa = XCBuildConfiguration;
			buildSettings = {
				ASSETCATALOG_COMPILER_APPICON_NAME = AppIcon;
				ASSETCATALOG_COMPILER_GLOBAL_ACCENT_COLOR_NAME = AccentColor;
				CODE_SIGN_STYLE = Automatic;
				CURRENT_PROJECT_VERSION = 1;
				DEVELOPMENT_TEAM = DQGB7M9JG9;
				GENERATE_INFOPLIST_FILE = YES;
				INFOPLIST_FILE = Bankey/Info.plist;
				INFOPLIST_KEY_UIApplicationSupportsIndirectInputEvents = YES;
				INFOPLIST_KEY_UILaunchStoryboardName = LaunchScreen;
				INFOPLIST_KEY_UISupportedInterfaceOrientations_iPad = "UIInterfaceOrientationPortrait UIInterfaceOrientationPortraitUpsideDown UIInterfaceOrientationLandscapeLeft UIInterfaceOrientationLandscapeRight";
				INFOPLIST_KEY_UISupportedInterfaceOrientations_iPhone = "UIInterfaceOrientationPortrait UIInterfaceOrientationLandscapeLeft UIInterfaceOrientationLandscapeRight";
				LD_RUNPATH_SEARCH_PATHS = (
					"$(inherited)",
					"@executable_path/Frameworks",
				);
				MARKETING_VERSION = 1.0;
				PRODUCT_BUNDLE_IDENTIFIER = "Artem-Gorelov.Bankey";
				PRODUCT_NAME = "$(TARGET_NAME)";
				SWIFT_EMIT_LOC_STRINGS = YES;
				SWIFT_VERSION = 5.0;
				TARGETED_DEVICE_FAMILY = "1,2";
			};
			name = Release;
		};
		7C2C44442A1E80B800DA89A8 /* Debug */ = {
			isa = XCBuildConfiguration;
			buildSettings = {
				BUNDLE_LOADER = "$(TEST_HOST)";
				CLANG_ENABLE_MODULES = YES;
				CODE_SIGN_STYLE = Automatic;
				CURRENT_PROJECT_VERSION = 1;
				DEVELOPMENT_TEAM = DQGB7M9JG9;
				GENERATE_INFOPLIST_FILE = YES;
				MARKETING_VERSION = 1.0;
				PRODUCT_BUNDLE_IDENTIFIER = "Artem-Gorelov.BankeyUnitTests";
				PRODUCT_NAME = "$(TARGET_NAME)";
				SWIFT_EMIT_LOC_STRINGS = NO;
				SWIFT_OPTIMIZATION_LEVEL = "-Onone";
				SWIFT_VERSION = 5.0;
				TARGETED_DEVICE_FAMILY = "1,2";
				TEST_HOST = "$(BUILT_PRODUCTS_DIR)/Bankey.app/$(BUNDLE_EXECUTABLE_FOLDER_PATH)/Bankey";
			};
			name = Debug;
		};
		7C2C44452A1E80B800DA89A8 /* Release */ = {
			isa = XCBuildConfiguration;
			buildSettings = {
				BUNDLE_LOADER = "$(TEST_HOST)";
				CLANG_ENABLE_MODULES = YES;
				CODE_SIGN_STYLE = Automatic;
				CURRENT_PROJECT_VERSION = 1;
				DEVELOPMENT_TEAM = DQGB7M9JG9;
				GENERATE_INFOPLIST_FILE = YES;
				MARKETING_VERSION = 1.0;
				PRODUCT_BUNDLE_IDENTIFIER = "Artem-Gorelov.BankeyUnitTests";
				PRODUCT_NAME = "$(TARGET_NAME)";
				SWIFT_EMIT_LOC_STRINGS = NO;
				SWIFT_VERSION = 5.0;
				TARGETED_DEVICE_FAMILY = "1,2";
				TEST_HOST = "$(BUILT_PRODUCTS_DIR)/Bankey.app/$(BUNDLE_EXECUTABLE_FOLDER_PATH)/Bankey";
			};
			name = Release;
		};
/* End XCBuildConfiguration section */

/* Begin XCConfigurationList section */
		7C0FBFA52A0C350A00EC86B3 /* Build configuration list for PBXProject "Bankey" */ = {
			isa = XCConfigurationList;
			buildConfigurations = (
				7C0FBFBC2A0C350C00EC86B3 /* Debug */,
				7C0FBFBD2A0C350C00EC86B3 /* Release */,
			);
			defaultConfigurationIsVisible = 0;
			defaultConfigurationName = Release;
		};
		7C0FBFBE2A0C350C00EC86B3 /* Build configuration list for PBXNativeTarget "Bankey" */ = {
			isa = XCConfigurationList;
			buildConfigurations = (
				7C0FBFBF2A0C350C00EC86B3 /* Debug */,
				7C0FBFC02A0C350C00EC86B3 /* Release */,
			);
			defaultConfigurationIsVisible = 0;
			defaultConfigurationName = Release;
		};
		7C2C44432A1E80B800DA89A8 /* Build configuration list for PBXNativeTarget "BankeyUnitTests" */ = {
			isa = XCConfigurationList;
			buildConfigurations = (
				7C2C44442A1E80B800DA89A8 /* Debug */,
				7C2C44452A1E80B800DA89A8 /* Release */,
			);
			defaultConfigurationIsVisible = 0;
			defaultConfigurationName = Release;
		};
/* End XCConfigurationList section */
	};
	rootObject = 7C0FBFA22A0C350A00EC86B3 /* Project object */;
}
